// !$*UTF8*$!
{
	archiveVersion = 1;
	classes = {
	};
	objectVersion = 56;
	objects = {

/* Begin PBXBuildFile section */
		9523D88B293FECB90033D609 /* FinalProjectApp.swift in Sources */ = {isa = PBXBuildFile; fileRef = 9523D88A293FECB90033D609 /* FinalProjectApp.swift */; };
		9523D88D293FECB90033D609 /* ListView.swift in Sources */ = {isa = PBXBuildFile; fileRef = 9523D88C293FECB90033D609 /* ListView.swift */; };
		9523D88F293FECBB0033D609 /* Assets.xcassets in Resources */ = {isa = PBXBuildFile; fileRef = 9523D88E293FECBB0033D609 /* Assets.xcassets */; };
		9523D892293FECBB0033D609 /* Preview Assets.xcassets in Resources */ = {isa = PBXBuildFile; fileRef = 9523D891293FECBB0033D609 /* Preview Assets.xcassets */; };
		9523D899294048230033D609 /* Upload.swift in Sources */ = {isa = PBXBuildFile; fileRef = 9523D898294048230033D609 /* Upload.swift */; };
		9523D89B294048AB0033D609 /* ListViewModel.swift in Sources */ = {isa = PBXBuildFile; fileRef = 9523D89A294048AB0033D609 /* ListViewModel.swift */; };
		9523D89D29404FF20033D609 /* UploadView.swift in Sources */ = {isa = PBXBuildFile; fileRef = 9523D89C29404FF20033D609 /* UploadView.swift */; };
		9523D89F2940667B0033D609 /* GoogleService-Info.plist in Resources */ = {isa = PBXBuildFile; fileRef = 9523D89E2940667A0033D609 /* GoogleService-Info.plist */; };
		9523D8A2294066D30033D609 /* FirebaseAuth in Frameworks */ = {isa = PBXBuildFile; productRef = 9523D8A1294066D30033D609 /* FirebaseAuth */; };
		9523D8A4294066D30033D609 /* FirebaseFirestore in Frameworks */ = {isa = PBXBuildFile; productRef = 9523D8A3294066D30033D609 /* FirebaseFirestore */; };
		9523D8A6294066D30033D609 /* FirebaseFirestoreSwift in Frameworks */ = {isa = PBXBuildFile; productRef = 9523D8A5294066D30033D609 /* FirebaseFirestoreSwift */; };
		9523D8A8294066D30033D609 /* FirebaseStorage in Frameworks */ = {isa = PBXBuildFile; productRef = 9523D8A7294066D30033D609 /* FirebaseStorage */; };
		955063D729431C3000718016 /* UserUploadsView.swift in Sources */ = {isa = PBXBuildFile; fileRef = 955063D629431C3000718016 /* UserUploadsView.swift */; };
		9570284C29406BB100F79DF7 /* LoginView.swift in Sources */ = {isa = PBXBuildFile; fileRef = 9570284B29406BB100F79DF7 /* LoginView.swift */; };
		95FBF8292941AFE10035E279 /* ExistingUploadView.swift in Sources */ = {isa = PBXBuildFile; fileRef = 95FBF8282941AFE10035E279 /* ExistingUploadView.swift */; };
/* End PBXBuildFile section */

/* Begin PBXFileReference section */
		9523D887293FECB90033D609 /* FinalProject.app */ = {isa = PBXFileReference; explicitFileType = wrapper.application; includeInIndex = 0; path = FinalProject.app; sourceTree = BUILT_PRODUCTS_DIR; };
		9523D88A293FECB90033D609 /* FinalProjectApp.swift */ = {isa = PBXFileReference; lastKnownFileType = sourcecode.swift; path = FinalProjectApp.swift; sourceTree = "<group>"; };
		9523D88C293FECB90033D609 /* ListView.swift */ = {isa = PBXFileReference; lastKnownFileType = sourcecode.swift; path = ListView.swift; sourceTree = "<group>"; };
		9523D88E293FECBB0033D609 /* Assets.xcassets */ = {isa = PBXFileReference; lastKnownFileType = folder.assetcatalog; path = Assets.xcassets; sourceTree = "<group>"; };
		9523D891293FECBB0033D609 /* Preview Assets.xcassets */ = {isa = PBXFileReference; lastKnownFileType = folder.assetcatalog; path = "Preview Assets.xcassets"; sourceTree = "<group>"; };
		9523D898294048230033D609 /* Upload.swift */ = {isa = PBXFileReference; lastKnownFileType = sourcecode.swift; path = Upload.swift; sourceTree = "<group>"; };
		9523D89A294048AB0033D609 /* ListViewModel.swift */ = {isa = PBXFileReference; lastKnownFileType = sourcecode.swift; path = ListViewModel.swift; sourceTree = "<group>"; };
		9523D89C29404FF20033D609 /* UploadView.swift */ = {isa = PBXFileReference; lastKnownFileType = sourcecode.swift; path = UploadView.swift; sourceTree = "<group>"; };
		9523D89E2940667A0033D609 /* GoogleService-Info.plist */ = {isa = PBXFileReference; fileEncoding = 4; lastKnownFileType = text.plist.xml; path = "GoogleService-Info.plist"; sourceTree = "<group>"; };
		955063D629431C3000718016 /* UserUploadsView.swift */ = {isa = PBXFileReference; lastKnownFileType = sourcecode.swift; path = UserUploadsView.swift; sourceTree = "<group>"; };
		9570284B29406BB100F79DF7 /* LoginView.swift */ = {isa = PBXFileReference; lastKnownFileType = sourcecode.swift; path = LoginView.swift; sourceTree = "<group>"; };
		9570284D29406E3000F79DF7 /* Info.plist */ = {isa = PBXFileReference; lastKnownFileType = text.plist; path = Info.plist; sourceTree = "<group>"; };
		95FBF8282941AFE10035E279 /* ExistingUploadView.swift */ = {isa = PBXFileReference; lastKnownFileType = sourcecode.swift; path = ExistingUploadView.swift; sourceTree = "<group>"; };
/* End PBXFileReference section */

/* Begin PBXFrameworksBuildPhase section */
		9523D884293FECB90033D609 /* Frameworks */ = {
			isa = PBXFrameworksBuildPhase;
			buildActionMask = 2147483647;
			files = (
				9523D8A2294066D30033D609 /* FirebaseAuth in Frameworks */,
				9523D8A8294066D30033D609 /* FirebaseStorage in Frameworks */,
				9523D8A4294066D30033D609 /* FirebaseFirestore in Frameworks */,
				9523D8A6294066D30033D609 /* FirebaseFirestoreSwift in Frameworks */,
			);
			runOnlyForDeploymentPostprocessing = 0;
		};
/* End PBXFrameworksBuildPhase section */

/* Begin PBXGroup section */
		9523D87E293FECB90033D609 = {
			isa = PBXGroup;
			children = (
				9523D889293FECB90033D609 /* FinalProject */,
				9523D888293FECB90033D609 /* Products */,
			);
			sourceTree = "<group>";
		};
		9523D888293FECB90033D609 /* Products */ = {
			isa = PBXGroup;
			children = (
				9523D887293FECB90033D609 /* FinalProject.app */,
			);
			name = Products;
			sourceTree = "<group>";
		};
		9523D889293FECB90033D609 /* FinalProject */ = {
			isa = PBXGroup;
			children = (
				9570284D29406E3000F79DF7 /* Info.plist */,
				953AF4DF29433EE9005C2BA0 /* Structs */,
				953AF4DE29433EC5005C2BA0 /* Views */,
				953AF4DD29433EA0005C2BA0 /* ViewModels */,
				9523D89E2940667A0033D609 /* GoogleService-Info.plist */,
				9523D88E293FECBB0033D609 /* Assets.xcassets */,
				9523D88A293FECB90033D609 /* FinalProjectApp.swift */,
				9523D890293FECBB0033D609 /* Preview Content */,
			);
			path = FinalProject;
			sourceTree = "<group>";
		};
		9523D890293FECBB0033D609 /* Preview Content */ = {
			isa = PBXGroup;
			children = (
				9523D891293FECBB0033D609 /* Preview Assets.xcassets */,
			);
			path = "Preview Content";
			sourceTree = "<group>";
		};
		953AF4DD29433EA0005C2BA0 /* ViewModels */ = {
			isa = PBXGroup;
			children = (
				9523D89A294048AB0033D609 /* ListViewModel.swift */,
			);
			path = ViewModels;
			sourceTree = "<group>";
		};
		953AF4DE29433EC5005C2BA0 /* Views */ = {
			isa = PBXGroup;
			children = (
				9570284B29406BB100F79DF7 /* LoginView.swift */,
				9523D88C293FECB90033D609 /* ListView.swift */,
				955063D629431C3000718016 /* UserUploadsView.swift */,
				9523D89C29404FF20033D609 /* UploadView.swift */,
				95FBF8282941AFE10035E279 /* ExistingUploadView.swift */,
			);
			path = Views;
			sourceTree = "<group>";
		};
		953AF4DF29433EE9005C2BA0 /* Structs */ = {
			isa = PBXGroup;
			children = (
				9523D898294048230033D609 /* Upload.swift */,
			);
			path = Structs;
			sourceTree = "<group>";
		};
/* End PBXGroup section */

/* Begin PBXNativeTarget section */
		9523D886293FECB90033D609 /* FinalProject */ = {
			isa = PBXNativeTarget;
			buildConfigurationList = 9523D895293FECBB0033D609 /* Build configuration list for PBXNativeTarget "FinalProject" */;
			buildPhases = (
				9523D883293FECB90033D609 /* Sources */,
				9523D884293FECB90033D609 /* Frameworks */,
				9523D885293FECB90033D609 /* Resources */,
			);
			buildRules = (
			);
			dependencies = (
			);
			name = FinalProject;
			packageProductDependencies = (
				9523D8A1294066D30033D609 /* FirebaseAuth */,
				9523D8A3294066D30033D609 /* FirebaseFirestore */,
				9523D8A5294066D30033D609 /* FirebaseFirestoreSwift */,
				9523D8A7294066D30033D609 /* FirebaseStorage */,
			);
			productName = FinalProject;
			productReference = 9523D887293FECB90033D609 /* FinalProject.app */;
			productType = "com.apple.product-type.application";
		};
/* End PBXNativeTarget section */

/* Begin PBXProject section */
		9523D87F293FECB90033D609 /* Project object */ = {
			isa = PBXProject;
			attributes = {
				BuildIndependentTargetsInParallel = 1;
				LastSwiftUpdateCheck = 1400;
				LastUpgradeCheck = 1400;
				TargetAttributes = {
					9523D886293FECB90033D609 = {
						CreatedOnToolsVersion = 14.0;
					};
				};
			};
			buildConfigurationList = 9523D882293FECB90033D609 /* Build configuration list for PBXProject "FinalProject" */;
			compatibilityVersion = "Xcode 14.0";
			developmentRegion = en;
			hasScannedForEncodings = 0;
			knownRegions = (
				en,
				Base,
			);
			mainGroup = 9523D87E293FECB90033D609;
			packageReferences = (
				9523D8A0294066D30033D609 /* XCRemoteSwiftPackageReference "firebase-ios-sdk" */,
			);
			productRefGroup = 9523D888293FECB90033D609 /* Products */;
			projectDirPath = "";
			projectRoot = "";
			targets = (
				9523D886293FECB90033D609 /* FinalProject */,
			);
		};
/* End PBXProject section */

/* Begin PBXResourcesBuildPhase section */
		9523D885293FECB90033D609 /* Resources */ = {
			isa = PBXResourcesBuildPhase;
			buildActionMask = 2147483647;
			files = (
				9523D892293FECBB0033D609 /* Preview Assets.xcassets in Resources */,
				9523D88F293FECBB0033D609 /* Assets.xcassets in Resources */,
				9523D89F2940667B0033D609 /* GoogleService-Info.plist in Resources */,
			);
			runOnlyForDeploymentPostprocessing = 0;
		};
/* End PBXResourcesBuildPhase section */

/* Begin PBXSourcesBuildPhase section */
		9523D883293FECB90033D609 /* Sources */ = {
			isa = PBXSourcesBuildPhase;
			buildActionMask = 2147483647;
			files = (
				9570284C29406BB100F79DF7 /* LoginView.swift in Sources */,
				9523D899294048230033D609 /* Upload.swift in Sources */,
				955063D729431C3000718016 /* UserUploadsView.swift in Sources */,
				9523D89D29404FF20033D609 /* UploadView.swift in Sources */,
				9523D88D293FECB90033D609 /* ListView.swift in Sources */,
				9523D89B294048AB0033D609 /* ListViewModel.swift in Sources */,
				95FBF8292941AFE10035E279 /* ExistingUploadView.swift in Sources */,
				9523D88B293FECB90033D609 /* FinalProjectApp.swift in Sources */,
			);
			runOnlyForDeploymentPostprocessing = 0;
		};
/* End PBXSourcesBuildPhase section */

/* Begin XCBuildConfiguration section */
		9523D893293FECBB0033D609 /* Debug */ = {
			isa = XCBuildConfiguration;
			buildSettings = {
				ALWAYS_SEARCH_USER_PATHS = NO;
				CLANG_ANALYZER_NONNULL = YES;
				CLANG_ANALYZER_NUMBER_OBJECT_CONVERSION = YES_AGGRESSIVE;
				CLANG_CXX_LANGUAGE_STANDARD = "gnu++20";
				CLANG_ENABLE_MODULES = YES;
				CLANG_ENABLE_OBJC_ARC = YES;
				CLANG_ENABLE_OBJC_WEAK = YES;
				CLANG_WARN_BLOCK_CAPTURE_AUTORELEASING = YES;
				CLANG_WARN_BOOL_CONVERSION = YES;
				CLANG_WARN_COMMA = YES;
				CLANG_WARN_CONSTANT_CONVERSION = YES;
				CLANG_WARN_DEPRECATED_OBJC_IMPLEMENTATIONS = YES;
				CLANG_WARN_DIRECT_OBJC_ISA_USAGE = YES_ERROR;
				CLANG_WARN_DOCUMENTATION_COMMENTS = YES;
				CLANG_WARN_EMPTY_BODY = YES;
				CLANG_WARN_ENUM_CONVERSION = YES;
				CLANG_WARN_INFINITE_RECURSION = YES;
				CLANG_WARN_INT_CONVERSION = YES;
				CLANG_WARN_NON_LITERAL_NULL_CONVERSION = YES;
				CLANG_WARN_OBJC_IMPLICIT_RETAIN_SELF = YES;
				CLANG_WARN_OBJC_LITERAL_CONVERSION = YES;
				CLANG_WARN_OBJC_ROOT_CLASS = YES_ERROR;
				CLANG_WARN_QUOTED_INCLUDE_IN_FRAMEWORK_HEADER = YES;
				CLANG_WARN_RANGE_LOOP_ANALYSIS = YES;
				CLANG_WARN_STRICT_PROTOTYPES = YES;
				CLANG_WARN_SUSPICIOUS_MOVE = YES;
				CLANG_WARN_UNGUARDED_AVAILABILITY = YES_AGGRESSIVE;
				CLANG_WARN_UNREACHABLE_CODE = YES;
				CLANG_WARN__DUPLICATE_METHOD_MATCH = YES;
				COPY_PHASE_STRIP = NO;
				DEBUG_INFORMATION_FORMAT = dwarf;
				ENABLE_STRICT_OBJC_MSGSEND = YES;
				ENABLE_TESTABILITY = YES;
				GCC_C_LANGUAGE_STANDARD = gnu11;
				GCC_DYNAMIC_NO_PIC = NO;
				GCC_NO_COMMON_BLOCKS = YES;
				GCC_OPTIMIZATION_LEVEL = 0;
				GCC_PREPROCESSOR_DEFINITIONS = (
					"DEBUG=1",
					"$(inherited)",
				);
				GCC_WARN_64_TO_32_BIT_CONVERSION = YES;
				GCC_WARN_ABOUT_RETURN_TYPE = YES_ERROR;
				GCC_WARN_UNDECLARED_SELECTOR = YES;
				GCC_WARN_UNINITIALIZED_AUTOS = YES_AGGRESSIVE;
				GCC_WARN_UNUSED_FUNCTION = YES;
				GCC_WARN_UNUSED_VARIABLE = YES;
				IPHONEOS_DEPLOYMENT_TARGET = 16.0;
				MTL_ENABLE_DEBUG_INFO = INCLUDE_SOURCE;
				MTL_FAST_MATH = YES;
				ONLY_ACTIVE_ARCH = YES;
				SDKROOT = iphoneos;
				SWIFT_ACTIVE_COMPILATION_CONDITIONS = DEBUG;
				SWIFT_OPTIMIZATION_LEVEL = "-Onone";
			};
			name = Debug;
		};
		9523D894293FECBB0033D609 /* Release */ = {
			isa = XCBuildConfiguration;
			buildSettings = {
				ALWAYS_SEARCH_USER_PATHS = NO;
				CLANG_ANALYZER_NONNULL = YES;
				CLANG_ANALYZER_NUMBER_OBJECT_CONVERSION = YES_AGGRESSIVE;
				CLANG_CXX_LANGUAGE_STANDARD = "gnu++20";
				CLANG_ENABLE_MODULES = YES;
				CLANG_ENABLE_OBJC_ARC = YES;
				CLANG_ENABLE_OBJC_WEAK = YES;
				CLANG_WARN_BLOCK_CAPTURE_AUTORELEASING = YES;
				CLANG_WARN_BOOL_CONVERSION = YES;
				CLANG_WARN_COMMA = YES;
				CLANG_WARN_CONSTANT_CONVERSION = YES;
				CLANG_WARN_DEPRECATED_OBJC_IMPLEMENTATIONS = YES;
				CLANG_WARN_DIRECT_OBJC_ISA_USAGE = YES_ERROR;
				CLANG_WARN_DOCUMENTATION_COMMENTS = YES;
				CLANG_WARN_EMPTY_BODY = YES;
				CLANG_WARN_ENUM_CONVERSION = YES;
				CLANG_WARN_INFINITE_RECURSION = YES;
				CLANG_WARN_INT_CONVERSION = YES;
				CLANG_WARN_NON_LITERAL_NULL_CONVERSION = YES;
				CLANG_WARN_OBJC_IMPLICIT_RETAIN_SELF = YES;
				CLANG_WARN_OBJC_LITERAL_CONVERSION = YES;
				CLANG_WARN_OBJC_ROOT_CLASS = YES_ERROR;
				CLANG_WARN_QUOTED_INCLUDE_IN_FRAMEWORK_HEADER = YES;
				CLANG_WARN_RANGE_LOOP_ANALYSIS = YES;
				CLANG_WARN_STRICT_PROTOTYPES = YES;
				CLANG_WARN_SUSPICIOUS_MOVE = YES;
				CLANG_WARN_UNGUARDED_AVAILABILITY = YES_AGGRESSIVE;
				CLANG_WARN_UNREACHABLE_CODE = YES;
				CLANG_WARN__DUPLICATE_METHOD_MATCH = YES;
				COPY_PHASE_STRIP = NO;
				DEBUG_INFORMATION_FORMAT = "dwarf-with-dsym";
				ENABLE_NS_ASSERTIONS = NO;
				ENABLE_STRICT_OBJC_MSGSEND = YES;
				GCC_C_LANGUAGE_STANDARD = gnu11;
				GCC_NO_COMMON_BLOCKS = YES;
				GCC_WARN_64_TO_32_BIT_CONVERSION = YES;
				GCC_WARN_ABOUT_RETURN_TYPE = YES_ERROR;
				GCC_WARN_UNDECLARED_SELECTOR = YES;
				GCC_WARN_UNINITIALIZED_AUTOS = YES_AGGRESSIVE;
				GCC_WARN_UNUSED_FUNCTION = YES;
				GCC_WARN_UNUSED_VARIABLE = YES;
				IPHONEOS_DEPLOYMENT_TARGET = 16.0;
				MTL_ENABLE_DEBUG_INFO = NO;
				MTL_FAST_MATH = YES;
				SDKROOT = iphoneos;
				SWIFT_COMPILATION_MODE = wholemodule;
				SWIFT_OPTIMIZATION_LEVEL = "-O";
				VALIDATE_PRODUCT = YES;
			};
			name = Release;
		};
		9523D896293FECBB0033D609 /* Debug */ = {
			isa = XCBuildConfiguration;
			buildSettings = {
				ASSETCATALOG_COMPILER_APPICON_NAME = AppIcon;
				ASSETCATALOG_COMPILER_GLOBAL_ACCENT_COLOR_NAME = AccentColor;
				CODE_SIGN_STYLE = Automatic;
				CURRENT_PROJECT_VERSION = 1;
				DEVELOPMENT_ASSET_PATHS = "\"FinalProject/Preview Content\"";
				DEVELOPMENT_TEAM = 6AR9JUBHB8;
				ENABLE_PREVIEWS = YES;
				GENERATE_INFOPLIST_FILE = YES;
				INFOPLIST_FILE = FinalProject/Info.plist;
				INFOPLIST_KEY_CFBundleDisplayName = BackCover;
				INFOPLIST_KEY_UIApplicationSceneManifest_Generation = YES;
				INFOPLIST_KEY_UIApplicationSupportsIndirectInputEvents = YES;
				INFOPLIST_KEY_UISupportedInterfaceOrientations_iPad = "UIInterfaceOrientationPortrait UIInterfaceOrientationPortraitUpsideDown UIInterfaceOrientationLandscapeLeft UIInterfaceOrientationLandscapeRight";
				INFOPLIST_KEY_UISupportedInterfaceOrientations_iPhone = "UIInterfaceOrientationPortrait UIInterfaceOrientationLandscapeLeft UIInterfaceOrientationLandscapeRight";
				LD_RUNPATH_SEARCH_PATHS = (
					"$(inherited)",
					"@executable_path/Frameworks",
				);
				MARKETING_VERSION = 1.0;
				PRODUCT_BUNDLE_IDENTIFIER = com.coates.FinalProject;
				PRODUCT_NAME = "$(TARGET_NAME)";
				SWIFT_EMIT_LOC_STRINGS = YES;
				SWIFT_VERSION = 5.0;
				TARGETED_DEVICE_FAMILY = "1,2";
			};
			name = Debug;
		};
		9523D897293FECBB0033D609 /* Release */ = {
			isa = XCBuildConfiguration;
			buildSettings = {
				ASSETCATALOG_COMPILER_APPICON_NAME = AppIcon;
				ASSETCATALOG_COMPILER_GLOBAL_ACCENT_COLOR_NAME = AccentColor;
				CODE_SIGN_STYLE = Automatic;
				CURRENT_PROJECT_VERSION = 1;
				DEVELOPMENT_ASSET_PATHS = "\"FinalProject/Preview Content\"";
				DEVELOPMENT_TEAM = 6AR9JUBHB8;
				ENABLE_PREVIEWS = YES;
				GENERATE_INFOPLIST_FILE = YES;
				INFOPLIST_FILE = FinalProject/Info.plist;
				INFOPLIST_KEY_CFBundleDisplayName = BackCover;
				INFOPLIST_KEY_UIApplicationSceneManifest_Generation = YES;
				INFOPLIST_KEY_UIApplicationSupportsIndirectInputEvents = YES;
				INFOPLIST_KEY_UISupportedInterfaceOrientations_iPad = "UIInterfaceOrientationPortrait UIInterfaceOrientationPortraitUpsideDown UIInterfaceOrientationLandscapeLeft UIInterfaceOrientationLandscapeRight";
				INFOPLIST_KEY_UISupportedInterfaceOrientations_iPhone = "UIInterfaceOrientationPortrait UIInterfaceOrientationLandscapeLeft UIInterfaceOrientationLandscapeRight";
				LD_RUNPATH_SEARCH_PATHS = (
					"$(inherited)",
					"@executable_path/Frameworks",
				);
				MARKETING_VERSION = 1.0;
				PRODUCT_BUNDLE_IDENTIFIER = com.coates.FinalProject;
				PRODUCT_NAME = "$(TARGET_NAME)";
				SWIFT_EMIT_LOC_STRINGS = YES;
				SWIFT_VERSION = 5.0;
				TARGETED_DEVICE_FAMILY = "1,2";
			};
			name = Release;
		};
/* End XCBuildConfiguration section */

/* Begin XCConfigurationList section */
		9523D882293FECB90033D609 /* Build configuration list for PBXProject "FinalProject" */ = {
			isa = XCConfigurationList;
			buildConfigurations = (
				9523D893293FECBB0033D609 /* Debug */,
				9523D894293FECBB0033D609 /* Release */,
			);
			defaultConfigurationIsVisible = 0;
			defaultConfigurationName = Release;
		};
		9523D895293FECBB0033D609 /* Build configuration list for PBXNativeTarget "FinalProject" */ = {
			isa = XCConfigurationList;
			buildConfigurations = (
				9523D896293FECBB0033D609 /* Debug */,
				9523D897293FECBB0033D609 /* Release */,
			);
			defaultConfigurationIsVisible = 0;
			defaultConfigurationName = Release;
		};
/* End XCConfigurationList section */

/* Begin XCRemoteSwiftPackageReference section */
		9523D8A0294066D30033D609 /* XCRemoteSwiftPackageReference "firebase-ios-sdk" */ = {
			isa = XCRemoteSwiftPackageReference;
			repositoryURL = "https://github.com/firebase/firebase-ios-sdk.git";
			requirement = {
				branch = master;
				kind = branch;
			};
		};
/* End XCRemoteSwiftPackageReference section */

/* Begin XCSwiftPackageProductDependency section */
		9523D8A1294066D30033D609 /* FirebaseAuth */ = {
			isa = XCSwiftPackageProductDependency;
			package = 9523D8A0294066D30033D609 /* XCRemoteSwiftPackageReference "firebase-ios-sdk" */;
			productName = FirebaseAuth;
		};
		9523D8A3294066D30033D609 /* FirebaseFirestore */ = {
			isa = XCSwiftPackageProductDependency;
			package = 9523D8A0294066D30033D609 /* XCRemoteSwiftPackageReference "firebase-ios-sdk" */;
			productName = FirebaseFirestore;
		};
		9523D8A5294066D30033D609 /* FirebaseFirestoreSwift */ = {
			isa = XCSwiftPackageProductDependency;
			package = 9523D8A0294066D30033D609 /* XCRemoteSwiftPackageReference "firebase-ios-sdk" */;
			productName = FirebaseFirestoreSwift;
		};
		9523D8A7294066D30033D609 /* FirebaseStorage */ = {
			isa = XCSwiftPackageProductDependency;
			package = 9523D8A0294066D30033D609 /* XCRemoteSwiftPackageReference "firebase-ios-sdk" */;
			productName = FirebaseStorage;
		};
/* End XCSwiftPackageProductDependency section */
	};
	rootObject = 9523D87F293FECB90033D609 /* Project object */;
}
